
Microsoft Visual Studio Solution File, Format Version 12.00
# Visual Studio Version 17
VisualStudioVersion = 17.10.34928.147
MinimumVisualStudioVersion = 10.0.40219.1
Project("{FAE04EC0-301F-11D3-BF4B-00C04F79EFBC}") = "Modpack Updater", "Modpack Updater\Modpack Updater.csproj", "{60C306D3-E0A2-4D2C-92E4-CFDDF3F0C9AB}"
EndProject
Global
	GlobalSection(SolutionConfigurationPlatforms) = preSolution
		Debug|Any CPU = Debug|Any CPU
		Release|Any CPU = Release|Any CPU
	EndGlobalSection
	GlobalSection(ProjectConfigurationPlatforms) = postSolution
		{60C306D3-E0A2-4D2C-92E4-CFDDF3F0C9AB}.Debug|Any CPU.ActiveCfg = Debug|Any CPU
		{60C306D3-E0A2-4D2C-92E4-CFDDF3F0C9AB}.Debug|Any CPU.Build.0 = Debug|Any CPU
		{60C306D3-E0A2-4D2C-92E4-CFDDF3F0C9AB}.Release|Any CPU.ActiveCfg = Release|Any CPU
		{60C306D3-E0A2-4D2C-92E4-CFDDF3F0C9AB}.Release|Any CPU.Build.0 = Release|Any CPU
	EndGlobalSection
	GlobalSection(SolutionProperties) = preSolution
		HideSolutionNode = FALSE
	EndGlobalSection
	GlobalSection(ExtensibilityGlobals) = postSolution
		SolutionGuid = {493A61D8-935E-4106-9FEE-DA9587147BCE}
	EndGlobalSection
EndGlobal
